// !$*UTF8*$!
{
	archiveVersion = 1;
	classes = {
	};
	objectVersion = 50;
	objects = {

/* Begin PBXBuildFile section */
		39E9A96423CD3F3A003D0302 /* AppDelegate.swift in Sources */ = {isa = PBXBuildFile; fileRef = 39E9A96323CD3F3A003D0302 /* AppDelegate.swift */; };
		39E9A96623CD3F3A003D0302 /* SceneDelegate.swift in Sources */ = {isa = PBXBuildFile; fileRef = 39E9A96523CD3F3A003D0302 /* SceneDelegate.swift */; };
		39E9A96823CD3F3A003D0302 /* ViewController.swift in Sources */ = {isa = PBXBuildFile; fileRef = 39E9A96723CD3F3A003D0302 /* ViewController.swift */; };
		39E9A96B23CD3F3A003D0302 /* Main.storyboard in Resources */ = {isa = PBXBuildFile; fileRef = 39E9A96923CD3F3A003D0302 /* Main.storyboard */; };
		39E9A96E23CD3F3A003D0302 /* squareShrink.xcdatamodeld in Sources */ = {isa = PBXBuildFile; fileRef = 39E9A96C23CD3F3A003D0302 /* squareShrink.xcdatamodeld */; };
		39E9A97023CD3F3C003D0302 /* Assets.xcassets in Resources */ = {isa = PBXBuildFile; fileRef = 39E9A96F23CD3F3C003D0302 /* Assets.xcassets */; };
		39E9A97323CD3F3C003D0302 /* LaunchScreen.storyboard in Resources */ = {isa = PBXBuildFile; fileRef = 39E9A97123CD3F3C003D0302 /* LaunchScreen.storyboard */; };
/* End PBXBuildFile section */

/* Begin PBXFileReference section */
		39E9A96023CD3F3A003D0302 /* squareShrink.app */ = {isa = PBXFileReference; explicitFileType = wrapper.application; includeInIndex = 0; path = squareShrink.app; sourceTree = BUILT_PRODUCTS_DIR; };
		39E9A96323CD3F3A003D0302 /* AppDelegate.swift */ = {isa = PBXFileReference; lastKnownFileType = sourcecode.swift; path = AppDelegate.swift; sourceTree = "<group>"; };
		39E9A96523CD3F3A003D0302 /* SceneDelegate.swift */ = {isa = PBXFileReference; lastKnownFileType = sourcecode.swift; path = SceneDelegate.swift; sourceTree = "<group>"; };
		39E9A96723CD3F3A003D0302 /* ViewController.swift */ = {isa = PBXFileReference; lastKnownFileType = sourcecode.swift; path = ViewController.swift; sourceTree = "<group>"; };
		39E9A96A23CD3F3A003D0302 /* Base */ = {isa = PBXFileReference; lastKnownFileType = file.storyboard; name = Base; path = Base.lproj/Main.storyboard; sourceTree = "<group>"; };
		39E9A96D23CD3F3A003D0302 /* squareShrink.xcdatamodel */ = {isa = PBXFileReference; lastKnownFileType = wrapper.xcdatamodel; path = squareShrink.xcdatamodel; sourceTree = "<group>"; };
		39E9A96F23CD3F3C003D0302 /* Assets.xcassets */ = {isa = PBXFileReference; lastKnownFileType = folder.assetcatalog; path = Assets.xcassets; sourceTree = "<group>"; };
		39E9A97223CD3F3C003D0302 /* Base */ = {isa = PBXFileReference; lastKnownFileType = file.storyboard; name = Base; path = Base.lproj/LaunchScreen.storyboard; sourceTree = "<group>"; };
		39E9A97423CD3F3C003D0302 /* Info.plist */ = {isa = PBXFileReference; lastKnownFileType = text.plist.xml; path = Info.plist; sourceTree = "<group>"; };
/* End PBXFileReference section */

/* Begin PBXFrameworksBuildPhase section */
		39E9A95D23CD3F3A003D0302 /* Frameworks */ = {
			isa = PBXFrameworksBuildPhase;
			buildActionMask = 2147483647;
			files = (
			);
			runOnlyForDeploymentPostprocessing = 0;
		};
/* End PBXFrameworksBuildPhase section */

/* Begin PBXGroup section */
		39E9A95723CD3F3A003D0302 = {
			isa = PBXGroup;
			children = (
				39E9A96223CD3F3A003D0302 /* squareShrink */,
				39E9A96123CD3F3A003D0302 /* Products */,
			);
			sourceTree = "<group>";
		};
		39E9A96123CD3F3A003D0302 /* Products */ = {
			isa = PBXGroup;
			children = (
				39E9A96023CD3F3A003D0302 /* squareShrink.app */,
			);
			name = Products;
			sourceTree = "<group>";
		};
		39E9A96223CD3F3A003D0302 /* squareShrink */ = {
			isa = PBXGroup;
			children = (
				39E9A96323CD3F3A003D0302 /* AppDelegate.swift */,
				39E9A96523CD3F3A003D0302 /* SceneDelegate.swift */,
				39E9A96723CD3F3A003D0302 /* ViewController.swift */,
				39E9A96923CD3F3A003D0302 /* Main.storyboard */,
				39E9A96F23CD3F3C003D0302 /* Assets.xcassets */,
				39E9A97123CD3F3C003D0302 /* LaunchScreen.storyboard */,
				39E9A97423CD3F3C003D0302 /* Info.plist */,
				39E9A96C23CD3F3A003D0302 /* squareShrink.xcdatamodeld */,
			);
			path = squareShrink;
			sourceTree = "<group>";
		};
/* End PBXGroup section */

/* Begin PBXNativeTarget section */
		39E9A95F23CD3F3A003D0302 /* squareShrink */ = {
			isa = PBXNativeTarget;
			buildConfigurationList = 39E9A97723CD3F3C003D0302 /* Build configuration list for PBXNativeTarget "squareShrink" */;
			buildPhases = (
				39E9A95C23CD3F3A003D0302 /* Sources */,
				39E9A95D23CD3F3A003D0302 /* Frameworks */,
				39E9A95E23CD3F3A003D0302 /* Resources */,
			);
			buildRules = (
			);
			dependencies = (
			);
			name = squareShrink;
			productName = squareShrink;
			productReference = 39E9A96023CD3F3A003D0302 /* squareShrink.app */;
			productType = "com.apple.product-type.application";
		};
/* End PBXNativeTarget section */

/* Begin PBXProject section */
		39E9A95823CD3F3A003D0302 /* Project object */ = {
			isa = PBXProject;
			attributes = {
				LastSwiftUpdateCheck = 1120;
				LastUpgradeCheck = 1120;
				ORGANIZATIONNAME = "komaldeep kaur";
				TargetAttributes = {
					39E9A95F23CD3F3A003D0302 = {
						CreatedOnToolsVersion = 11.2.1;
					};
				};
			};
			buildConfigurationList = 39E9A95B23CD3F3A003D0302 /* Build configuration list for PBXProject "squareShrink" */;
			compatibilityVersion = "Xcode 9.3";
			developmentRegion = en;
			hasScannedForEncodings = 0;
			knownRegions = (
				en,
				Base,
			);
			mainGroup = 39E9A95723CD3F3A003D0302;
			productRefGroup = 39E9A96123CD3F3A003D0302 /* Products */;
			projectDirPath = "";
			projectRoot = "";
			targets = (
				39E9A95F23CD3F3A003D0302 /* squareShrink */,
			);
		};
/* End PBXProject section */

/* Begin PBXResourcesBuildPhase section */
		39E9A95E23CD3F3A003D0302 /* Resources */ = {
			isa = PBXResourcesBuildPhase;
			buildActionMask = 2147483647;
			files = (
				39E9A97323CD3F3C003D0302 /* LaunchScreen.storyboard in Resources */,
				39E9A97023CD3F3C003D0302 /* Assets.xcassets in Resources */,
				39E9A96B23CD3F3A003D0302 /* Main.storyboard in Resources */,
			);
			runOnlyForDeploymentPostprocessing = 0;
		};
/* End PBXResourcesBuildPhase section */

/* Begin PBXSourcesBuildPhase section */
		39E9A95C23CD3F3A003D0302 /* Sources */ = {
			isa = PBXSourcesBuildPhase;
			buildActionMask = 2147483647;
			files = (
				39E9A96823CD3F3A003D0302 /* ViewController.swift in Sources */,
				39E9A96E23CD3F3A003D0302 /* squareShrink.xcdatamodeld in Sources */,
				39E9A96423CD3F3A003D0302 /* AppDelegate.swift in Sources */,
				39E9A96623CD3F3A003D0302 /* SceneDelegate.swift in Sources */,
			);
			runOnlyForDeploymentPostprocessing = 0;
		};
/* End PBXSourcesBuildPhase section */

/* Begin PBXVariantGroup section */
		39E9A96923CD3F3A003D0302 /* Main.storyboard */ = {
			isa = PBXVariantGroup;
			children = (
				39E9A96A23CD3F3A003D0302 /* Base */,
			);
			name = Main.storyboard;
			sourceTree = "<group>";
		};
		39E9A97123CD3F3C003D0302 /* LaunchScreen.storyboard */ = {
			isa = PBXVariantGroup;
			children = (
				39E9A97223CD3F3C003D0302 /* Base */,
			);
			name = LaunchScreen.storyboard;
			sourceTree = "<group>";
		};
/* End PBXVariantGroup section */

/* Begin XCBuildConfiguration section */
		39E9A97523CD3F3C003D0302 /* Debug */ = {
			isa = XCBuildConfiguration;
			buildSettings = {
				ALWAYS_SEARCH_USER_PATHS = NO;
				CLANG_ANALYZER_NONNULL = YES;
				CLANG_ANALYZER_NUMBER_OBJECT_CONVERSION = YES_AGGRESSIVE;
				CLANG_CXX_LANGUAGE_STANDARD = "gnu++14";
				CLANG_CXX_LIBRARY = "libc++";
				CLANG_ENABLE_MODULES = YES;
				CLANG_ENABLE_OBJC_ARC = YES;
				CLANG_ENABLE_OBJC_WEAK = YES;
				CLANG_WARN_BLOCK_CAPTURE_AUTORELEASING = YES;
				CLANG_WARN_BOOL_CONVERSION = YES;
				CLANG_WARN_COMMA = YES;
				CLANG_WARN_CONSTANT_CONVERSION = YES;
				CLANG_WARN_DEPRECATED_OBJC_IMPLEMENTATIONS = YES;
				CLANG_WARN_DIRECT_OBJC_ISA_USAGE = YES_ERROR;
				CLANG_WARN_DOCUMENTATION_COMMENTS = YES;
				CLANG_WARN_EMPTY_BODY = YES;
				CLANG_WARN_ENUM_CONVERSION = YES;
				CLANG_WARN_INFINITE_RECURSION = YES;
				CLANG_WARN_INT_CONVERSION = YES;
				CLANG_WARN_NON_LITERAL_NULL_CONVERSION = YES;
				CLANG_WARN_OBJC_IMPLICIT_RETAIN_SELF = YES;
				CLANG_WARN_OBJC_LITERAL_CONVERSION = YES;
				CLANG_WARN_OBJC_ROOT_CLASS = YES_ERROR;
				CLANG_WARN_RANGE_LOOP_ANALYSIS = YES;
				CLANG_WARN_STRICT_PROTOTYPES = YES;
				CLANG_WARN_SUSPICIOUS_MOVE = YES;
				CLANG_WARN_UNGUARDED_AVAILABILITY = YES_AGGRESSIVE;
				CLANG_WARN_UNREACHABLE_CODE = YES;
				CLANG_WARN__DUPLICATE_METHOD_MATCH = YES;
				COPY_PHASE_STRIP = NO;
				DEBUG_INFORMATION_FORMAT = dwarf;
				ENABLE_STRICT_OBJC_MSGSEND = YES;
				ENABLE_TESTABILITY = YES;
				GCC_C_LANGUAGE_STANDARD = gnu11;
				GCC_DYNAMIC_NO_PIC = NO;
				GCC_NO_COMMON_BLOCKS = YES;
				GCC_OPTIMIZATION_LEVEL = 0;
				GCC_PREPROCESSOR_DEFINITIONS = (
					"DEBUG=1",
					"$(inherited)",
				);
				GCC_WARN_64_TO_32_BIT_CONVERSION = YES;
				GCC_WARN_ABOUT_RETURN_TYPE = YES_ERROR;
				GCC_WARN_UNDECLARED_SELECTOR = YES;
				GCC_WARN_UNINITIALIZED_AUTOS = YES_AGGRESSIVE;
				GCC_WARN_UNUSED_FUNCTION = YES;
				GCC_WARN_UNUSED_VARIABLE = YES;
				IPHONEOS_DEPLOYMENT_TARGET = 13.2;
				MTL_ENABLE_DEBUG_INFO = INCLUDE_SOURCE;
				MTL_FAST_MATH = YES;
				ONLY_ACTIVE_ARCH = YES;
				SDKROOT = iphoneos;
				SWIFT_ACTIVE_COMPILATION_CONDITIONS = DEBUG;
				SWIFT_OPTIMIZATION_LEVEL = "-Onone";
			};
			name = Debug;
		};
		39E9A97623CD3F3C003D0302 /* Release */ = {
			isa = XCBuildConfiguration;
			buildSettings = {
				ALWAYS_SEARCH_USER_PATHS = NO;
				CLANG_ANALYZER_NONNULL = YES;
				CLANG_ANALYZER_NUMBER_OBJECT_CONVERSION = YES_AGGRESSIVE;
				CLANG_CXX_LANGUAGE_STANDARD = "gnu++14";
				CLANG_CXX_LIBRARY = "libc++";
				CLANG_ENABLE_MODULES = YES;
				CLANG_ENABLE_OBJC_ARC = YES;
				CLANG_ENABLE_OBJC_WEAK = YES;
				CLANG_WARN_BLOCK_CAPTURE_AUTORELEASING = YES;
				CLANG_WARN_BOOL_CONVERSION = YES;
				CLANG_WARN_COMMA = YES;
				CLANG_WARN_CONSTANT_CONVERSION = YES;
				CLANG_WARN_DEPRECATED_OBJC_IMPLEMENTATIONS = YES;
				CLANG_WARN_DIRECT_OBJC_ISA_USAGE = YES_ERROR;
				CLANG_WARN_DOCUMENTATION_COMMENTS = YES;
				CLANG_WARN_EMPTY_BODY = YES;
				CLANG_WARN_ENUM_CONVERSION = YES;
				CLANG_WARN_INFINITE_RECURSION = YES;
				CLANG_WARN_INT_CONVERSION = YES;
				CLANG_WARN_NON_LITERAL_NULL_CONVERSION = YES;
				CLANG_WARN_OBJC_IMPLICIT_RETAIN_SELF = YES;
				CLANG_WARN_OBJC_LITERAL_CONVERSION = YES;
				CLANG_WARN_OBJC_ROOT_CLASS = YES_ERROR;
				CLANG_WARN_RANGE_LOOP_ANALYSIS = YES;
				CLANG_WARN_STRICT_PROTOTYPES = YES;
				CLANG_WARN_SUSPICIOUS_MOVE = YES;
				CLANG_WARN_UNGUARDED_AVAILABILITY = YES_AGGRESSIVE;
				CLANG_WARN_UNREACHABLE_CODE = YES;
				CLANG_WARN__DUPLICATE_METHOD_MATCH = YES;
				COPY_PHASE_STRIP = NO;
				DEBUG_INFORMATION_FORMAT = "dwarf-with-dsym";
				ENABLE_NS_ASSERTIONS = NO;
				ENABLE_STRICT_OBJC_MSGSEND = YES;
				GCC_C_LANGUAGE_STANDARD = gnu11;
				GCC_NO_COMMON_BLOCKS = YES;
				GCC_WARN_64_TO_32_BIT_CONVERSION = YES;
				GCC_WARN_ABOUT_RETURN_TYPE = YES_ERROR;
				GCC_WARN_UNDECLARED_SELECTOR = YES;
				GCC_WARN_UNINITIALIZED_AUTOS = YES_AGGRESSIVE;
				GCC_WARN_UNUSED_FUNCTION = YES;
				GCC_WARN_UNUSED_VARIABLE = YES;
				IPHONEOS_DEPLOYMENT_TARGET = 13.2;
				MTL_ENABLE_DEBUG_INFO = NO;
				MTL_FAST_MATH = YES;
				SDKROOT = iphoneos;
				SWIFT_COMPILATION_MODE = wholemodule;
				SWIFT_OPTIMIZATION_LEVEL = "-O";
				VALIDATE_PRODUCT = YES;
			};
			name = Release;
		};
		39E9A97823CD3F3C003D0302 /* Debug */ = {
			isa = XCBuildConfiguration;
			buildSettings = {
				ASSETCATALOG_COMPILER_APPICON_NAME = AppIcon;
				CODE_SIGN_STYLE = Automatic;
				INFOPLIST_FILE = squareShrink/Info.plist;
				LD_RUNPATH_SEARCH_PATHS = (
					"$(inherited)",
					"@executable_path/Frameworks",
				);
				PRODUCT_BUNDLE_IDENTIFIER = "IOS-Sem2.squareShrink";
				PRODUCT_NAME = "$(TARGET_NAME)";
				SWIFT_VERSION = 5.0;
				TARGETED_DEVICE_FAMILY = "1,2";
			};
			name = Debug;
		};
		39E9A97923CD3F3C003D0302 /* Release */ = {
			isa = XCBuildConfiguration;
			buildSettings = {
				ASSETCATALOG_COMPILER_APPICON_NAME = AppIcon;
				CODE_SIGN_STYLE = Automatic;
				INFOPLIST_FILE = squareShrink/Info.plist;
				LD_RUNPATH_SEARCH_PATHS = (
					"$(inherited)",
					"@executable_path/Frameworks",
				);
				PRODUCT_BUNDLE_IDENTIFIER = "IOS-Sem2.squareShrink";
				PRODUCT_NAME = "$(TARGET_NAME)";
				SWIFT_VERSION = 5.0;
				TARGETED_DEVICE_FAMILY = "1,2";
			};
			name = Release;
		};
/* End XCBuildConfiguration section */

/* Begin XCConfigurationList section */
		39E9A95B23CD3F3A003D0302 /* Build configuration list for PBXProject "squareShrink" */ = {
			isa = XCConfigurationList;
			buildConfigurations = (
				39E9A97523CD3F3C003D0302 /* Debug */,
				39E9A97623CD3F3C003D0302 /* Release */,
			);
			defaultConfigurationIsVisible = 0;
			defaultConfigurationName = Release;
		};
		39E9A97723CD3F3C003D0302 /* Build configuration list for PBXNativeTarget "squareShrink" */ = {
			isa = XCConfigurationList;
			buildConfigurations = (
				39E9A97823CD3F3C003D0302 /* Debug */,
				39E9A97923CD3F3C003D0302 /* Release */,
			);
			defaultConfigurationIsVisible = 0;
			defaultConfigurationName = Release;
		};
/* End XCConfigurationList section */

/* Begin XCVersionGroup section */
		39E9A96C23CD3F3A003D0302 /* squareShrink.xcdatamodeld */ = {
			isa = XCVersionGroup;
			children = (
				39E9A96D23CD3F3A003D0302 /* squareShrink.xcdatamodel */,
			);
			currentVersion = 39E9A96D23CD3F3A003D0302 /* squareShrink.xcdatamodel */;
			path = squareShrink.xcdatamodeld;
			sourceTree = "<group>";
			versionGroupType = wrapper.xcdatamodel;
		};
/* End XCVersionGroup section */
	};
	rootObject = 39E9A95823CD3F3A003D0302 /* Project object */;
}
